
Microsoft Visual Studio Solution File, Format Version 12.00
# Visual Studio Version 17
VisualStudioVersion = 17.9.34622.214
MinimumVisualStudioVersion = 10.0.40219.1
Project("{FAE04EC0-301F-11D3-BF4B-00C04F79EFBC}") = "LojaMVC", "LojaMVC\LojaMVC.csproj", "{7772F22B-9280-4C43-A17B-0E40EE51EB49}"
EndProject
Project("{FAE04EC0-301F-11D3-BF4B-00C04F79EFBC}") = "LojaMVCTests", "LojaMVCTests\LojaMVCTests.csproj", "{6C14E8FC-F54A-49D2-A213-94DB364CB9D1}"
EndProject
Global
	GlobalSection(SolutionConfigurationPlatforms) = preSolution
		Debug|Any CPU = Debug|Any CPU
		Release|Any CPU = Release|Any CPU
	EndGlobalSection
	GlobalSection(ProjectConfigurationPlatforms) = postSolution
		{7772F22B-9280-4C43-A17B-0E40EE51EB49}.Debug|Any CPU.ActiveCfg = Debug|Any CPU
		{7772F22B-9280-4C43-A17B-0E40EE51EB49}.Debug|Any CPU.Build.0 = Debug|Any CPU
		{7772F22B-9280-4C43-A17B-0E40EE51EB49}.Release|Any CPU.ActiveCfg = Release|Any CPU
		{7772F22B-9280-4C43-A17B-0E40EE51EB49}.Release|Any CPU.Build.0 = Release|Any CPU
		{6C14E8FC-F54A-49D2-A213-94DB364CB9D1}.Debug|Any CPU.ActiveCfg = Debug|Any CPU
		{6C14E8FC-F54A-49D2-A213-94DB364CB9D1}.Debug|Any CPU.Build.0 = Debug|Any CPU
		{6C14E8FC-F54A-49D2-A213-94DB364CB9D1}.Release|Any CPU.ActiveCfg = Release|Any CPU
		{6C14E8FC-F54A-49D2-A213-94DB364CB9D1}.Release|Any CPU.Build.0 = Release|Any CPU
	EndGlobalSection
	GlobalSection(SolutionProperties) = preSolution
		HideSolutionNode = FALSE
	EndGlobalSection
	GlobalSection(ExtensibilityGlobals) = postSolution
		SolutionGuid = {230EFC14-30FB-4FD5-B495-E74033B6E289}
	EndGlobalSection
EndGlobal
